# This file is automatically @generated by Cargo.
# It is not intended for manual editing.
version = 3

[[package]]
name = "aho-corasick"
version = "1.0.0"
source = "registry+https://github.com/rust-lang/crates.io-index"
checksum = "e5bce8d450891e3b36f85a2230cec441fddd60e0c455b61b15bb3ffba955ca85"
dependencies = [
 "memchr",
]

[[package]]
name = "aho-corasick-c"
version = "0.1.0"
dependencies = [
 "aho-corasick",
]

[[package]]
name = "memchr"
version = "2.5.0"
source = "registry+https://github.com/rust-lang/crates.io-index"
checksum = "2dffe52ecf27772e601905b7522cb4ef790d2cc203488bbd0e2fe85fcb74566d"
